// !$*UTF8*$!
{
	archiveVersion = 1;
	classes = {
	};
	objectVersion = 56;
	objects = {

/* Begin PBXBuildFile section */
		BAE64D362B69905200341F0A /* AppDelegate.swift in Sources */ = {isa = PBXBuildFile; fileRef = BAE64D352B69905200341F0A /* AppDelegate.swift */; };
		BAE64D382B69905200341F0A /* SceneDelegate.swift in Sources */ = {isa = PBXBuildFile; fileRef = BAE64D372B69905200341F0A /* SceneDelegate.swift */; };
		BAE64D3A2B69905200341F0A /* ViewController.swift in Sources */ = {isa = PBXBuildFile; fileRef = BAE64D392B69905200341F0A /* ViewController.swift */; };
		BAE64D3D2B69905200341F0A /* Main.storyboard in Resources */ = {isa = PBXBuildFile; fileRef = BAE64D3B2B69905200341F0A /* Main.storyboard */; };
		BAE64D3F2B69905300341F0A /* Assets.xcassets in Resources */ = {isa = PBXBuildFile; fileRef = BAE64D3E2B69905300341F0A /* Assets.xcassets */; };
		BAE64D422B69905300341F0A /* LaunchScreen.storyboard in Resources */ = {isa = PBXBuildFile; fileRef = BAE64D402B69905300341F0A /* LaunchScreen.storyboard */; };
		BAE64D4D2B69905400341F0A /* Task_OrganizerTests.swift in Sources */ = {isa = PBXBuildFile; fileRef = BAE64D4C2B69905400341F0A /* Task_OrganizerTests.swift */; };
		BAE64D572B69905400341F0A /* Task_OrganizerUITests.swift in Sources */ = {isa = PBXBuildFile; fileRef = BAE64D562B69905400341F0A /* Task_OrganizerUITests.swift */; };
		BAE64D592B69905400341F0A /* Task_OrganizerUITestsLaunchTests.swift in Sources */ = {isa = PBXBuildFile; fileRef = BAE64D582B69905400341F0A /* Task_OrganizerUITestsLaunchTests.swift */; };
/* End PBXBuildFile section */

/* Begin PBXContainerItemProxy section */
		BAE64D492B69905400341F0A /* PBXContainerItemProxy */ = {
			isa = PBXContainerItemProxy;
			containerPortal = BAE64D2A2B69905200341F0A /* Project object */;
			proxyType = 1;
			remoteGlobalIDString = BAE64D312B69905200341F0A;
			remoteInfo = "Task-Organizer";
		};
		BAE64D532B69905400341F0A /* PBXContainerItemProxy */ = {
			isa = PBXContainerItemProxy;
			containerPortal = BAE64D2A2B69905200341F0A /* Project object */;
			proxyType = 1;
			remoteGlobalIDString = BAE64D312B69905200341F0A;
			remoteInfo = "Task-Organizer";
		};
/* End PBXContainerItemProxy section */

/* Begin PBXFileReference section */
		BAE64D322B69905200341F0A /* Task-Organizer.app */ = {isa = PBXFileReference; explicitFileType = wrapper.application; includeInIndex = 0; path = "Task-Organizer.app"; sourceTree = BUILT_PRODUCTS_DIR; };
		BAE64D352B69905200341F0A /* AppDelegate.swift */ = {isa = PBXFileReference; lastKnownFileType = sourcecode.swift; path = AppDelegate.swift; sourceTree = "<group>"; };
		BAE64D372B69905200341F0A /* SceneDelegate.swift */ = {isa = PBXFileReference; lastKnownFileType = sourcecode.swift; path = SceneDelegate.swift; sourceTree = "<group>"; };
		BAE64D392B69905200341F0A /* ViewController.swift */ = {isa = PBXFileReference; lastKnownFileType = sourcecode.swift; path = ViewController.swift; sourceTree = "<group>"; };
		BAE64D3C2B69905200341F0A /* Base */ = {isa = PBXFileReference; lastKnownFileType = file.storyboard; name = Base; path = Base.lproj/Main.storyboard; sourceTree = "<group>"; };
		BAE64D3E2B69905300341F0A /* Assets.xcassets */ = {isa = PBXFileReference; lastKnownFileType = folder.assetcatalog; path = Assets.xcassets; sourceTree = "<group>"; };
		BAE64D412B69905300341F0A /* Base */ = {isa = PBXFileReference; lastKnownFileType = file.storyboard; name = Base; path = Base.lproj/LaunchScreen.storyboard; sourceTree = "<group>"; };
		BAE64D432B69905300341F0A /* Info.plist */ = {isa = PBXFileReference; lastKnownFileType = text.plist.xml; path = Info.plist; sourceTree = "<group>"; };
		BAE64D482B69905400341F0A /* Task-OrganizerTests.xctest */ = {isa = PBXFileReference; explicitFileType = wrapper.cfbundle; includeInIndex = 0; path = "Task-OrganizerTests.xctest"; sourceTree = BUILT_PRODUCTS_DIR; };
		BAE64D4C2B69905400341F0A /* Task_OrganizerTests.swift */ = {isa = PBXFileReference; lastKnownFileType = sourcecode.swift; path = Task_OrganizerTests.swift; sourceTree = "<group>"; };
		BAE64D522B69905400341F0A /* Task-OrganizerUITests.xctest */ = {isa = PBXFileReference; explicitFileType = wrapper.cfbundle; includeInIndex = 0; path = "Task-OrganizerUITests.xctest"; sourceTree = BUILT_PRODUCTS_DIR; };
		BAE64D562B69905400341F0A /* Task_OrganizerUITests.swift */ = {isa = PBXFileReference; lastKnownFileType = sourcecode.swift; path = Task_OrganizerUITests.swift; sourceTree = "<group>"; };
		BAE64D582B69905400341F0A /* Task_OrganizerUITestsLaunchTests.swift */ = {isa = PBXFileReference; lastKnownFileType = sourcecode.swift; path = Task_OrganizerUITestsLaunchTests.swift; sourceTree = "<group>"; };
/* End PBXFileReference section */

/* Begin PBXFrameworksBuildPhase section */
		BAE64D2F2B69905200341F0A /* Frameworks */ = {
			isa = PBXFrameworksBuildPhase;
			buildActionMask = 2147483647;
			files = (
			);
			runOnlyForDeploymentPostprocessing = 0;
		};
		BAE64D452B69905400341F0A /* Frameworks */ = {
			isa = PBXFrameworksBuildPhase;
			buildActionMask = 2147483647;
			files = (
			);
			runOnlyForDeploymentPostprocessing = 0;
		};
		BAE64D4F2B69905400341F0A /* Frameworks */ = {
			isa = PBXFrameworksBuildPhase;
			buildActionMask = 2147483647;
			files = (
			);
			runOnlyForDeploymentPostprocessing = 0;
		};
/* End PBXFrameworksBuildPhase section */

/* Begin PBXGroup section */
		BAE64D292B69905200341F0A = {
			isa = PBXGroup;
			children = (
				BAE64D342B69905200341F0A /* Task-Organizer */,
				BAE64D4B2B69905400341F0A /* Task-OrganizerTests */,
				BAE64D552B69905400341F0A /* Task-OrganizerUITests */,
				BAE64D332B69905200341F0A /* Products */,
			);
			sourceTree = "<group>";
		};
		BAE64D332B69905200341F0A /* Products */ = {
			isa = PBXGroup;
			children = (
				BAE64D322B69905200341F0A /* Task-Organizer.app */,
				BAE64D482B69905400341F0A /* Task-OrganizerTests.xctest */,
				BAE64D522B69905400341F0A /* Task-OrganizerUITests.xctest */,
			);
			name = Products;
			sourceTree = "<group>";
		};
		BAE64D342B69905200341F0A /* Task-Organizer */ = {
			isa = PBXGroup;
			children = (
				BAE64D352B69905200341F0A /* AppDelegate.swift */,
				BAE64D372B69905200341F0A /* SceneDelegate.swift */,
				BAE64D392B69905200341F0A /* ViewController.swift */,
				BAE64D3B2B69905200341F0A /* Main.storyboard */,
				BAE64D3E2B69905300341F0A /* Assets.xcassets */,
				BAE64D402B69905300341F0A /* LaunchScreen.storyboard */,
				BAE64D432B69905300341F0A /* Info.plist */,
			);
			path = "Task-Organizer";
			sourceTree = "<group>";
		};
		BAE64D4B2B69905400341F0A /* Task-OrganizerTests */ = {
			isa = PBXGroup;
			children = (
				BAE64D4C2B69905400341F0A /* Task_OrganizerTests.swift */,
			);
			path = "Task-OrganizerTests";
			sourceTree = "<group>";
		};
		BAE64D552B69905400341F0A /* Task-OrganizerUITests */ = {
			isa = PBXGroup;
			children = (
				BAE64D562B69905400341F0A /* Task_OrganizerUITests.swift */,
				BAE64D582B69905400341F0A /* Task_OrganizerUITestsLaunchTests.swift */,
			);
			path = "Task-OrganizerUITests";
			sourceTree = "<group>";
		};
/* End PBXGroup section */

/* Begin PBXNativeTarget section */
		BAE64D312B69905200341F0A /* Task-Organizer */ = {
			isa = PBXNativeTarget;
			buildConfigurationList = BAE64D5C2B69905400341F0A /* Build configuration list for PBXNativeTarget "Task-Organizer" */;
			buildPhases = (
				BAE64D2E2B69905200341F0A /* Sources */,
				BAE64D2F2B69905200341F0A /* Frameworks */,
				BAE64D302B69905200341F0A /* Resources */,
			);
			buildRules = (
			);
			dependencies = (
			);
			name = "Task-Organizer";
			productName = "Task-Organizer";
			productReference = BAE64D322B69905200341F0A /* Task-Organizer.app */;
			productType = "com.apple.product-type.application";
		};
		BAE64D472B69905400341F0A /* Task-OrganizerTests */ = {
			isa = PBXNativeTarget;
			buildConfigurationList = BAE64D5F2B69905400341F0A /* Build configuration list for PBXNativeTarget "Task-OrganizerTests" */;
			buildPhases = (
				BAE64D442B69905400341F0A /* Sources */,
				BAE64D452B69905400341F0A /* Frameworks */,
				BAE64D462B69905400341F0A /* Resources */,
			);
			buildRules = (
			);
			dependencies = (
				BAE64D4A2B69905400341F0A /* PBXTargetDependency */,
			);
			name = "Task-OrganizerTests";
			productName = "Task-OrganizerTests";
			productReference = BAE64D482B69905400341F0A /* Task-OrganizerTests.xctest */;
			productType = "com.apple.product-type.bundle.unit-test";
		};
		BAE64D512B69905400341F0A /* Task-OrganizerUITests */ = {
			isa = PBXNativeTarget;
			buildConfigurationList = BAE64D622B69905400341F0A /* Build configuration list for PBXNativeTarget "Task-OrganizerUITests" */;
			buildPhases = (
				BAE64D4E2B69905400341F0A /* Sources */,
				BAE64D4F2B69905400341F0A /* Frameworks */,
				BAE64D502B69905400341F0A /* Resources */,
			);
			buildRules = (
			);
			dependencies = (
				BAE64D542B69905400341F0A /* PBXTargetDependency */,
			);
			name = "Task-OrganizerUITests";
			productName = "Task-OrganizerUITests";
			productReference = BAE64D522B69905400341F0A /* Task-OrganizerUITests.xctest */;
			productType = "com.apple.product-type.bundle.ui-testing";
		};
/* End PBXNativeTarget section */

/* Begin PBXProject section */
		BAE64D2A2B69905200341F0A /* Project object */ = {
			isa = PBXProject;
			attributes = {
				BuildIndependentTargetsInParallel = 1;
				LastSwiftUpdateCheck = 1500;
				LastUpgradeCheck = 1500;
				TargetAttributes = {
					BAE64D312B69905200341F0A = {
						CreatedOnToolsVersion = 15.0.1;
					};
					BAE64D472B69905400341F0A = {
						CreatedOnToolsVersion = 15.0.1;
						TestTargetID = BAE64D312B69905200341F0A;
					};
					BAE64D512B69905400341F0A = {
						CreatedOnToolsVersion = 15.0.1;
						TestTargetID = BAE64D312B69905200341F0A;
					};
				};
			};
			buildConfigurationList = BAE64D2D2B69905200341F0A /* Build configuration list for PBXProject "Task-Organizer" */;
			compatibilityVersion = "Xcode 14.0";
			developmentRegion = en;
			hasScannedForEncodings = 0;
			knownRegions = (
				en,
				Base,
			);
			mainGroup = BAE64D292B69905200341F0A;
			productRefGroup = BAE64D332B69905200341F0A /* Products */;
			projectDirPath = "";
			projectRoot = "";
			targets = (
				BAE64D312B69905200341F0A /* Task-Organizer */,
				BAE64D472B69905400341F0A /* Task-OrganizerTests */,
				BAE64D512B69905400341F0A /* Task-OrganizerUITests */,
			);
		};
/* End PBXProject section */

/* Begin PBXResourcesBuildPhase section */
		BAE64D302B69905200341F0A /* Resources */ = {
			isa = PBXResourcesBuildPhase;
			buildActionMask = 2147483647;
			files = (
				BAE64D422B69905300341F0A /* LaunchScreen.storyboard in Resources */,
				BAE64D3F2B69905300341F0A /* Assets.xcassets in Resources */,
				BAE64D3D2B69905200341F0A /* Main.storyboard in Resources */,
			);
			runOnlyForDeploymentPostprocessing = 0;
		};
		BAE64D462B69905400341F0A /* Resources */ = {
			isa = PBXResourcesBuildPhase;
			buildActionMask = 2147483647;
			files = (
			);
			runOnlyForDeploymentPostprocessing = 0;
		};
		BAE64D502B69905400341F0A /* Resources */ = {
			isa = PBXResourcesBuildPhase;
			buildActionMask = 2147483647;
			files = (
			);
			runOnlyForDeploymentPostprocessing = 0;
		};
/* End PBXResourcesBuildPhase section */

/* Begin PBXSourcesBuildPhase section */
		BAE64D2E2B69905200341F0A /* Sources */ = {
			isa = PBXSourcesBuildPhase;
			buildActionMask = 2147483647;
			files = (
				BAE64D3A2B69905200341F0A /* ViewController.swift in Sources */,
				BAE64D362B69905200341F0A /* AppDelegate.swift in Sources */,
				BAE64D382B69905200341F0A /* SceneDelegate.swift in Sources */,
			);
			runOnlyForDeploymentPostprocessing = 0;
		};
		BAE64D442B69905400341F0A /* Sources */ = {
			isa = PBXSourcesBuildPhase;
			buildActionMask = 2147483647;
			files = (
				BAE64D4D2B69905400341F0A /* Task_OrganizerTests.swift in Sources */,
			);
			runOnlyForDeploymentPostprocessing = 0;
		};
		BAE64D4E2B69905400341F0A /* Sources */ = {
			isa = PBXSourcesBuildPhase;
			buildActionMask = 2147483647;
			files = (
				BAE64D572B69905400341F0A /* Task_OrganizerUITests.swift in Sources */,
				BAE64D592B69905400341F0A /* Task_OrganizerUITestsLaunchTests.swift in Sources */,
			);
			runOnlyForDeploymentPostprocessing = 0;
		};
/* End PBXSourcesBuildPhase section */

/* Begin PBXTargetDependency section */
		BAE64D4A2B69905400341F0A /* PBXTargetDependency */ = {
			isa = PBXTargetDependency;
			target = BAE64D312B69905200341F0A /* Task-Organizer */;
			targetProxy = BAE64D492B69905400341F0A /* PBXContainerItemProxy */;
		};
		BAE64D542B69905400341F0A /* PBXTargetDependency */ = {
			isa = PBXTargetDependency;
			target = BAE64D312B69905200341F0A /* Task-Organizer */;
			targetProxy = BAE64D532B69905400341F0A /* PBXContainerItemProxy */;
		};
/* End PBXTargetDependency section */

/* Begin PBXVariantGroup section */
		BAE64D3B2B69905200341F0A /* Main.storyboard */ = {
			isa = PBXVariantGroup;
			children = (
				BAE64D3C2B69905200341F0A /* Base */,
			);
			name = Main.storyboard;
			sourceTree = "<group>";
		};
		BAE64D402B69905300341F0A /* LaunchScreen.storyboard */ = {
			isa = PBXVariantGroup;
			children = (
				BAE64D412B69905300341F0A /* Base */,
			);
			name = LaunchScreen.storyboard;
			sourceTree = "<group>";
		};
/* End PBXVariantGroup section */

/* Begin XCBuildConfiguration section */
		BAE64D5A2B69905400341F0A /* Debug */ = {
			isa = XCBuildConfiguration;
			buildSettings = {
				ALWAYS_SEARCH_USER_PATHS = NO;
				ASSETCATALOG_COMPILER_GENERATE_SWIFT_ASSET_SYMBOL_EXTENSIONS = YES;
				CLANG_ANALYZER_NONNULL = YES;
				CLANG_ANALYZER_NUMBER_OBJECT_CONVERSION = YES_AGGRESSIVE;
				CLANG_CXX_LANGUAGE_STANDARD = "gnu++20";
				CLANG_ENABLE_MODULES = YES;
				CLANG_ENABLE_OBJC_ARC = YES;
				CLANG_ENABLE_OBJC_WEAK = YES;
				CLANG_WARN_BLOCK_CAPTURE_AUTORELEASING = YES;
				CLANG_WARN_BOOL_CONVERSION = YES;
				CLANG_WARN_COMMA = YES;
				CLANG_WARN_CONSTANT_CONVERSION = YES;
				CLANG_WARN_DEPRECATED_OBJC_IMPLEMENTATIONS = YES;
				CLANG_WARN_DIRECT_OBJC_ISA_USAGE = YES_ERROR;
				CLANG_WARN_DOCUMENTATION_COMMENTS = YES;
				CLANG_WARN_EMPTY_BODY = YES;
				CLANG_WARN_ENUM_CONVERSION = YES;
				CLANG_WARN_INFINITE_RECURSION = YES;
				CLANG_WARN_INT_CONVERSION = YES;
				CLANG_WARN_NON_LITERAL_NULL_CONVERSION = YES;
				CLANG_WARN_OBJC_IMPLICIT_RETAIN_SELF = YES;
				CLANG_WARN_OBJC_LITERAL_CONVERSION = YES;
				CLANG_WARN_OBJC_ROOT_CLASS = YES_ERROR;
				CLANG_WARN_QUOTED_INCLUDE_IN_FRAMEWORK_HEADER = YES;
				CLANG_WARN_RANGE_LOOP_ANALYSIS = YES;
				CLANG_WARN_STRICT_PROTOTYPES = YES;
				CLANG_WARN_SUSPICIOUS_MOVE = YES;
				CLANG_WARN_UNGUARDED_AVAILABILITY = YES_AGGRESSIVE;
				CLANG_WARN_UNREACHABLE_CODE = YES;
				CLANG_WARN__DUPLICATE_METHOD_MATCH = YES;
				COPY_PHASE_STRIP = NO;
				DEBUG_INFORMATION_FORMAT = dwarf;
				ENABLE_STRICT_OBJC_MSGSEND = YES;
				ENABLE_TESTABILITY = YES;
				ENABLE_USER_SCRIPT_SANDBOXING = YES;
				GCC_C_LANGUAGE_STANDARD = gnu17;
				GCC_DYNAMIC_NO_PIC = NO;
				GCC_NO_COMMON_BLOCKS = YES;
				GCC_OPTIMIZATION_LEVEL = 0;
				GCC_PREPROCESSOR_DEFINITIONS = (
					"DEBUG=1",
					"$(inherited)",
				);
				GCC_WARN_64_TO_32_BIT_CONVERSION = YES;
				GCC_WARN_ABOUT_RETURN_TYPE = YES_ERROR;
				GCC_WARN_UNDECLARED_SELECTOR = YES;
				GCC_WARN_UNINITIALIZED_AUTOS = YES_AGGRESSIVE;
				GCC_WARN_UNUSED_FUNCTION = YES;
				GCC_WARN_UNUSED_VARIABLE = YES;
				IPHONEOS_DEPLOYMENT_TARGET = 17.0;
				LOCALIZATION_PREFERS_STRING_CATALOGS = YES;
				MTL_ENABLE_DEBUG_INFO = INCLUDE_SOURCE;
				MTL_FAST_MATH = YES;
				ONLY_ACTIVE_ARCH = YES;
				SDKROOT = iphoneos;
				SWIFT_ACTIVE_COMPILATION_CONDITIONS = "DEBUG $(inherited)";
				SWIFT_OPTIMIZATION_LEVEL = "-Onone";
			};
			name = Debug;
		};
		BAE64D5B2B69905400341F0A /* Release */ = {
			isa = XCBuildConfiguration;
			buildSettings = {
				ALWAYS_SEARCH_USER_PATHS = NO;
				ASSETCATALOG_COMPILER_GENERATE_SWIFT_ASSET_SYMBOL_EXTENSIONS = YES;
				CLANG_ANALYZER_NONNULL = YES;
				CLANG_ANALYZER_NUMBER_OBJECT_CONVERSION = YES_AGGRESSIVE;
				CLANG_CXX_LANGUAGE_STANDARD = "gnu++20";
				CLANG_ENABLE_MODULES = YES;
				CLANG_ENABLE_OBJC_ARC = YES;
				CLANG_ENABLE_OBJC_WEAK = YES;
				CLANG_WARN_BLOCK_CAPTURE_AUTORELEASING = YES;
				CLANG_WARN_BOOL_CONVERSION = YES;
				CLANG_WARN_COMMA = YES;
				CLANG_WARN_CONSTANT_CONVERSION = YES;
				CLANG_WARN_DEPRECATED_OBJC_IMPLEMENTATIONS = YES;
				CLANG_WARN_DIRECT_OBJC_ISA_USAGE = YES_ERROR;
				CLANG_WARN_DOCUMENTATION_COMMENTS = YES;
				CLANG_WARN_EMPTY_BODY = YES;
				CLANG_WARN_ENUM_CONVERSION = YES;
				CLANG_WARN_INFINITE_RECURSION = YES;
				CLANG_WARN_INT_CONVERSION = YES;
				CLANG_WARN_NON_LITERAL_NULL_CONVERSION = YES;
				CLANG_WARN_OBJC_IMPLICIT_RETAIN_SELF = YES;
				CLANG_WARN_OBJC_LITERAL_CONVERSION = YES;
				CLANG_WARN_OBJC_ROOT_CLASS = YES_ERROR;
				CLANG_WARN_QUOTED_INCLUDE_IN_FRAMEWORK_HEADER = YES;
				CLANG_WARN_RANGE_LOOP_ANALYSIS = YES;
				CLANG_WARN_STRICT_PROTOTYPES = YES;
				CLANG_WARN_SUSPICIOUS_MOVE = YES;
				CLANG_WARN_UNGUARDED_AVAILABILITY = YES_AGGRESSIVE;
				CLANG_WARN_UNREACHABLE_CODE = YES;
				CLANG_WARN__DUPLICATE_METHOD_MATCH = YES;
				COPY_PHASE_STRIP = NO;
				DEBUG_INFORMATION_FORMAT = "dwarf-with-dsym";
				ENABLE_NS_ASSERTIONS = NO;
				ENABLE_STRICT_OBJC_MSGSEND = YES;
				ENABLE_USER_SCRIPT_SANDBOXING = YES;
				GCC_C_LANGUAGE_STANDARD = gnu17;
				GCC_NO_COMMON_BLOCKS = YES;
				GCC_WARN_64_TO_32_BIT_CONVERSION = YES;
				GCC_WARN_ABOUT_RETURN_TYPE = YES_ERROR;
				GCC_WARN_UNDECLARED_SELECTOR = YES;
				GCC_WARN_UNINITIALIZED_AUTOS = YES_AGGRESSIVE;
				GCC_WARN_UNUSED_FUNCTION = YES;
				GCC_WARN_UNUSED_VARIABLE = YES;
				IPHONEOS_DEPLOYMENT_TARGET = 17.0;
				LOCALIZATION_PREFERS_STRING_CATALOGS = YES;
				MTL_ENABLE_DEBUG_INFO = NO;
				MTL_FAST_MATH = YES;
				SDKROOT = iphoneos;
				SWIFT_COMPILATION_MODE = wholemodule;
				VALIDATE_PRODUCT = YES;
			};
			name = Release;
		};
		BAE64D5D2B69905400341F0A /* Debug */ = {
			isa = XCBuildConfiguration;
			buildSettings = {
				ASSETCATALOG_COMPILER_APPICON_NAME = AppIcon;
				ASSETCATALOG_COMPILER_GLOBAL_ACCENT_COLOR_NAME = AccentColor;
				CODE_SIGN_STYLE = Automatic;
				CURRENT_PROJECT_VERSION = 1;
				DEVELOPMENT_TEAM = 6VH946FT2M;
				GENERATE_INFOPLIST_FILE = YES;
				INFOPLIST_FILE = "Task-Organizer/Info.plist";
				INFOPLIST_KEY_UIApplicationSupportsIndirectInputEvents = YES;
				INFOPLIST_KEY_UILaunchStoryboardName = LaunchScreen;
				INFOPLIST_KEY_UIMainStoryboardFile = Main;
				INFOPLIST_KEY_UISupportedInterfaceOrientations_iPad = "UIInterfaceOrientationPortrait UIInterfaceOrientationPortraitUpsideDown UIInterfaceOrientationLandscapeLeft UIInterfaceOrientationLandscapeRight";
				INFOPLIST_KEY_UISupportedInterfaceOrientations_iPhone = "UIInterfaceOrientationPortrait UIInterfaceOrientationLandscapeLeft UIInterfaceOrientationLandscapeRight";
				LD_RUNPATH_SEARCH_PATHS = (
					"$(inherited)",
					"@executable_path/Frameworks",
				);
				MARKETING_VERSION = 1.0;
				PRODUCT_BUNDLE_IDENTIFIER = "com.henrycalderon.Task-Organizer";
				PRODUCT_NAME = "$(TARGET_NAME)";
				SWIFT_EMIT_LOC_STRINGS = YES;
				SWIFT_VERSION = 5.0;
				TARGETED_DEVICE_FAMILY = "1,2";
			};
			name = Debug;
		};
		BAE64D5E2B69905400341F0A /* Release */ = {
			isa = XCBuildConfiguration;
			buildSettings = {
				ASSETCATALOG_COMPILER_APPICON_NAME = AppIcon;
				ASSETCATALOG_COMPILER_GLOBAL_ACCENT_COLOR_NAME = AccentColor;
				CODE_SIGN_STYLE = Automatic;
				CURRENT_PROJECT_VERSION = 1;
				DEVELOPMENT_TEAM = 6VH946FT2M;
				GENERATE_INFOPLIST_FILE = YES;
				INFOPLIST_FILE = "Task-Organizer/Info.plist";
				INFOPLIST_KEY_UIApplicationSupportsIndirectInputEvents = YES;
				INFOPLIST_KEY_UILaunchStoryboardName = LaunchScreen;
				INFOPLIST_KEY_UIMainStoryboardFile = Main;
				INFOPLIST_KEY_UISupportedInterfaceOrientations_iPad = "UIInterfaceOrientationPortrait UIInterfaceOrientationPortraitUpsideDown UIInterfaceOrientationLandscapeLeft UIInterfaceOrientationLandscapeRight";
				INFOPLIST_KEY_UISupportedInterfaceOrientations_iPhone = "UIInterfaceOrientationPortrait UIInterfaceOrientationLandscapeLeft UIInterfaceOrientationLandscapeRight";
				LD_RUNPATH_SEARCH_PATHS = (
					"$(inherited)",
					"@executable_path/Frameworks",
				);
				MARKETING_VERSION = 1.0;
				PRODUCT_BUNDLE_IDENTIFIER = "com.henrycalderon.Task-Organizer";
				PRODUCT_NAME = "$(TARGET_NAME)";
				SWIFT_EMIT_LOC_STRINGS = YES;
				SWIFT_VERSION = 5.0;
				TARGETED_DEVICE_FAMILY = "1,2";
			};
			name = Release;
		};
		BAE64D602B69905400341F0A /* Debug */ = {
			isa = XCBuildConfiguration;
			buildSettings = {
				ALWAYS_EMBED_SWIFT_STANDARD_LIBRARIES = YES;
				BUNDLE_LOADER = "$(TEST_HOST)";
				CODE_SIGN_STYLE = Automatic;
				CURRENT_PROJECT_VERSION = 1;
				DEVELOPMENT_TEAM = 6VH946FT2M;
				GENERATE_INFOPLIST_FILE = YES;
				IPHONEOS_DEPLOYMENT_TARGET = 17.0;
				MARKETING_VERSION = 1.0;
				PRODUCT_BUNDLE_IDENTIFIER = "com.henrycalderon.Task-OrganizerTests";
				PRODUCT_NAME = "$(TARGET_NAME)";
				SWIFT_EMIT_LOC_STRINGS = NO;
				SWIFT_VERSION = 5.0;
				TARGETED_DEVICE_FAMILY = "1,2";
				TEST_HOST = "$(BUILT_PRODUCTS_DIR)/Task-Organizer.app/$(BUNDLE_EXECUTABLE_FOLDER_PATH)/Task-Organizer";
			};
			name = Debug;
		};
		BAE64D612B69905400341F0A /* Release */ = {
			isa = XCBuildConfiguration;
			buildSettings = {
				ALWAYS_EMBED_SWIFT_STANDARD_LIBRARIES = YES;
				BUNDLE_LOADER = "$(TEST_HOST)";
				CODE_SIGN_STYLE = Automatic;
				CURRENT_PROJECT_VERSION = 1;
				DEVELOPMENT_TEAM = 6VH946FT2M;
				GENERATE_INFOPLIST_FILE = YES;
				IPHONEOS_DEPLOYMENT_TARGET = 17.0;
				MARKETING_VERSION = 1.0;
				PRODUCT_BUNDLE_IDENTIFIER = "com.henrycalderon.Task-OrganizerTests";
				PRODUCT_NAME = "$(TARGET_NAME)";
				SWIFT_EMIT_LOC_STRINGS = NO;
				SWIFT_VERSION = 5.0;
				TARGETED_DEVICE_FAMILY = "1,2";
				TEST_HOST = "$(BUILT_PRODUCTS_DIR)/Task-Organizer.app/$(BUNDLE_EXECUTABLE_FOLDER_PATH)/Task-Organizer";
			};
			name = Release;
		};
		BAE64D632B69905400341F0A /* Debug */ = {
			isa = XCBuildConfiguration;
			buildSettings = {
				ALWAYS_EMBED_SWIFT_STANDARD_LIBRARIES = YES;
				CODE_SIGN_STYLE = Automatic;
				CURRENT_PROJECT_VERSION = 1;
				DEVELOPMENT_TEAM = 6VH946FT2M;
				GENERATE_INFOPLIST_FILE = YES;
				MARKETING_VERSION = 1.0;
				PRODUCT_BUNDLE_IDENTIFIER = "com.henrycalderon.Task-OrganizerUITests";
				PRODUCT_NAME = "$(TARGET_NAME)";
				SWIFT_EMIT_LOC_STRINGS = NO;
				SWIFT_VERSION = 5.0;
				TARGETED_DEVICE_FAMILY = "1,2";
				TEST_TARGET_NAME = "Task-Organizer";
			};
			name = Debug;
		};
		BAE64D642B69905400341F0A /* Release */ = {
			isa = XCBuildConfiguration;
			buildSettings = {
				ALWAYS_EMBED_SWIFT_STANDARD_LIBRARIES = YES;
				CODE_SIGN_STYLE = Automatic;
				CURRENT_PROJECT_VERSION = 1;
				DEVELOPMENT_TEAM = 6VH946FT2M;
				GENERATE_INFOPLIST_FILE = YES;
				MARKETING_VERSION = 1.0;
				PRODUCT_BUNDLE_IDENTIFIER = "com.henrycalderon.Task-OrganizerUITests";
				PRODUCT_NAME = "$(TARGET_NAME)";
				SWIFT_EMIT_LOC_STRINGS = NO;
				SWIFT_VERSION = 5.0;
				TARGETED_DEVICE_FAMILY = "1,2";
				TEST_TARGET_NAME = "Task-Organizer";
			};
			name = Release;
		};
/* End XCBuildConfiguration section */

/* Begin XCConfigurationList section */
		BAE64D2D2B69905200341F0A /* Build configuration list for PBXProject "Task-Organizer" */ = {
			isa = XCConfigurationList;
			buildConfigurations = (
				BAE64D5A2B69905400341F0A /* Debug */,
				BAE64D5B2B69905400341F0A /* Release */,
			);
			defaultConfigurationIsVisible = 0;
			defaultConfigurationName = Release;
		};
		BAE64D5C2B69905400341F0A /* Build configuration list for PBXNativeTarget "Task-Organizer" */ = {
			isa = XCConfigurationList;
			buildConfigurations = (
				BAE64D5D2B69905400341F0A /* Debug */,
				BAE64D5E2B69905400341F0A /* Release */,
			);
			defaultConfigurationIsVisible = 0;
			defaultConfigurationName = Release;
		};
		BAE64D5F2B69905400341F0A /* Build configuration list for PBXNativeTarget "Task-OrganizerTests" */ = {
			isa = XCConfigurationList;
			buildConfigurations = (
				BAE64D602B69905400341F0A /* Debug */,
				BAE64D612B69905400341F0A /* Release */,
			);
			defaultConfigurationIsVisible = 0;
			defaultConfigurationName = Release;
		};
		BAE64D622B69905400341F0A /* Build configuration list for PBXNativeTarget "Task-OrganizerUITests" */ = {
			isa = XCConfigurationList;
			buildConfigurations = (
				BAE64D632B69905400341F0A /* Debug */,
				BAE64D642B69905400341F0A /* Release */,
			);
			defaultConfigurationIsVisible = 0;
			defaultConfigurationName = Release;
		};
/* End XCConfigurationList section */
	};
	rootObject = BAE64D2A2B69905200341F0A /* Project object */;
}
